
Microsoft Visual Studio Solution File, Format Version 12.00
# Visual Studio Version 16
VisualStudioVersion = 16.0.31205.134
MinimumVisualStudioVersion = 10.0.40219.1
Project("{FAE04EC0-301F-11D3-BF4B-00C04F79EFBC}") = "ConsoleApp4", "ConsoleApp4\ConsoleApp4.csproj", "{C76A8444-3DDD-4678-87F9-F9CD1EB886F0}"
EndProject
Global
	GlobalSection(SolutionConfigurationPlatforms) = preSolution
		Debug|Any CPU = Debug|Any CPU
		Release|Any CPU = Release|Any CPU
	EndGlobalSection
	GlobalSection(ProjectConfigurationPlatforms) = postSolution
		{C76A8444-3DDD-4678-87F9-F9CD1EB886F0}.Debug|Any CPU.ActiveCfg = Debug|Any CPU
		{C76A8444-3DDD-4678-87F9-F9CD1EB886F0}.Debug|Any CPU.Build.0 = Debug|Any CPU
		{C76A8444-3DDD-4678-87F9-F9CD1EB886F0}.Release|Any CPU.ActiveCfg = Release|Any CPU
		{C76A8444-3DDD-4678-87F9-F9CD1EB886F0}.Release|Any CPU.Build.0 = Release|Any CPU
	EndGlobalSection
	GlobalSection(SolutionProperties) = preSolution
		HideSolutionNode = FALSE
	EndGlobalSection
	GlobalSection(ExtensibilityGlobals) = postSolution
		SolutionGuid = {BEE30B64-34CA-4A4D-9437-7B9FC40EB7D7}
	EndGlobalSection
EndGlobal
